
Microsoft Visual Studio Solution File, Format Version 11.00
# Visual Studio 2010
Project("{FAE04EC0-301F-11D3-BF4B-00C04F79EFBC}") = "miningReporter", "miningReporter\miningReporter.csproj", "{7ADEDF5E-F7B0-4C04-9920-8D6CB7D4B931}"
EndProject
Global
	GlobalSection(SolutionConfigurationPlatforms) = preSolution
		Debug|x86 = Debug|x86
		Release|x86 = Release|x86
	EndGlobalSection
	GlobalSection(ProjectConfigurationPlatforms) = postSolution
		{7ADEDF5E-F7B0-4C04-9920-8D6CB7D4B931}.Debug|x86.ActiveCfg = Debug|x86
		{7ADEDF5E-F7B0-4C04-9920-8D6CB7D4B931}.Debug|x86.Build.0 = Debug|x86
		{7ADEDF5E-F7B0-4C04-9920-8D6CB7D4B931}.Release|x86.ActiveCfg = Release|x86
		{7ADEDF5E-F7B0-4C04-9920-8D6CB7D4B931}.Release|x86.Build.0 = Release|x86
	EndGlobalSection
	GlobalSection(SolutionProperties) = preSolution
		HideSolutionNode = FALSE
	EndGlobalSection
EndGlobal
